
Microsoft Visual Studio Solution File, Format Version 12.00
# Visual Studio Version 17
VisualStudioVersion = 17.13.35919.96
MinimumVisualStudioVersion = 10.0.40219.1
Project("{FAE04EC0-301F-11D3-BF4B-00C04F79EFBC}") = "Finanzen", "Finanzen\Finanzen.csproj", "{D2E20624-14F3-485B-9287-868022D8624C}"
EndProject
Global
	GlobalSection(SolutionConfigurationPlatforms) = preSolution
		Debug|Any CPU = Debug|Any CPU
		Release|Any CPU = Release|Any CPU
	EndGlobalSection
	GlobalSection(ProjectConfigurationPlatforms) = postSolution
		{D2E20624-14F3-485B-9287-868022D8624C}.Debug|Any CPU.ActiveCfg = Debug|Any CPU
		{D2E20624-14F3-485B-9287-868022D8624C}.Debug|Any CPU.Build.0 = Debug|Any CPU
		{D2E20624-14F3-485B-9287-868022D8624C}.Release|Any CPU.ActiveCfg = Release|Any CPU
		{D2E20624-14F3-485B-9287-868022D8624C}.Release|Any CPU.Build.0 = Release|Any CPU
	EndGlobalSection
	GlobalSection(SolutionProperties) = preSolution
		HideSolutionNode = FALSE
	EndGlobalSection
	GlobalSection(ExtensibilityGlobals) = postSolution
		SolutionGuid = {473A316F-DBCB-4721-95E7-BC82DD6BD83B}
	EndGlobalSection
EndGlobal
